
Microsoft Visual Studio Solution File, Format Version 12.00
# Visual Studio Version 17
VisualStudioVersion = 17.2.32526.322
MinimumVisualStudioVersion = 10.0.40219.1
Project("{FAE04EC0-301F-11D3-BF4B-00C04F79EFBC}") = "ATM_console", "ATM_console.csproj", "{A441851E-6170-48AE-B254-3614095FBFB1}"
EndProject
Global
	GlobalSection(SolutionConfigurationPlatforms) = preSolution
		Debug|Any CPU = Debug|Any CPU
		Release|Any CPU = Release|Any CPU
	EndGlobalSection
	GlobalSection(ProjectConfigurationPlatforms) = postSolution
		{A441851E-6170-48AE-B254-3614095FBFB1}.Debug|Any CPU.ActiveCfg = Debug|Any CPU
		{A441851E-6170-48AE-B254-3614095FBFB1}.Debug|Any CPU.Build.0 = Debug|Any CPU
		{A441851E-6170-48AE-B254-3614095FBFB1}.Release|Any CPU.ActiveCfg = Release|Any CPU
		{A441851E-6170-48AE-B254-3614095FBFB1}.Release|Any CPU.Build.0 = Release|Any CPU
	EndGlobalSection
	GlobalSection(SolutionProperties) = preSolution
		HideSolutionNode = FALSE
	EndGlobalSection
	GlobalSection(ExtensibilityGlobals) = postSolution
		SolutionGuid = {DB09338B-7871-4C27-BE47-B7991E402A6A}
	EndGlobalSection
EndGlobal
